
Microsoft Visual Studio Solution File, Format Version 12.00
# Visual Studio 15
VisualStudioVersion = 15.0.27428.2037
MinimumVisualStudioVersion = 10.0.40219.1
Project("{00D1A9C2-B5F0-4AF3-8072-F6C62B433612}") = "tgve_Challenge", "tgve_Challenge\tgve_Challenge.sqlproj", "{C258EBED-6ECF-4CCC-B887-B7AD9B747FD7}"
EndProject
Project("{FAE04EC0-301F-11D3-BF4B-00C04F79EFBC}") = "WebAPI_tgve", "WebAPI_tgve\WebAPI_tgve.csproj", "{2AE86112-8475-40CB-A828-63E9F1E53ECA}"
EndProject
Global
	GlobalSection(SolutionConfigurationPlatforms) = preSolution
		Debug|Any CPU = Debug|Any CPU
		Release|Any CPU = Release|Any CPU
	EndGlobalSection
	GlobalSection(ProjectConfigurationPlatforms) = postSolution
		{C258EBED-6ECF-4CCC-B887-B7AD9B747FD7}.Debug|Any CPU.ActiveCfg = Debug|Any CPU
		{C258EBED-6ECF-4CCC-B887-B7AD9B747FD7}.Debug|Any CPU.Build.0 = Debug|Any CPU
		{C258EBED-6ECF-4CCC-B887-B7AD9B747FD7}.Debug|Any CPU.Deploy.0 = Debug|Any CPU
		{C258EBED-6ECF-4CCC-B887-B7AD9B747FD7}.Release|Any CPU.ActiveCfg = Release|Any CPU
		{C258EBED-6ECF-4CCC-B887-B7AD9B747FD7}.Release|Any CPU.Build.0 = Release|Any CPU
		{C258EBED-6ECF-4CCC-B887-B7AD9B747FD7}.Release|Any CPU.Deploy.0 = Release|Any CPU
		{2AE86112-8475-40CB-A828-63E9F1E53ECA}.Debug|Any CPU.ActiveCfg = Debug|Any CPU
		{2AE86112-8475-40CB-A828-63E9F1E53ECA}.Debug|Any CPU.Build.0 = Debug|Any CPU
		{2AE86112-8475-40CB-A828-63E9F1E53ECA}.Release|Any CPU.ActiveCfg = Release|Any CPU
		{2AE86112-8475-40CB-A828-63E9F1E53ECA}.Release|Any CPU.Build.0 = Release|Any CPU
	EndGlobalSection
	GlobalSection(SolutionProperties) = preSolution
		HideSolutionNode = FALSE
	EndGlobalSection
	GlobalSection(ExtensibilityGlobals) = postSolution
		SolutionGuid = {C2AE6E51-B7C8-4AFA-B2E4-DD7EA859D863}
	EndGlobalSection
EndGlobal
